dependencies:
- name: postgresql-ha
  repository: https://charts.bitnami.com/bitnami
  version: 10.0.7
- name: cassandra
  repository: https://charts.bitnami.com/bitnami
  version: 10.0.0
- name: kafka
  repository: https://charts.bitnami.com/bitnami
  version: 20.0.2
- name: redis
  repository: https://charts.bitnami.com/bitnami
  version: 17.4.1
digest: sha256:9b4fb0bc2942d1f715f6339fc7eac0a284a7c70558e7c82a7dd7696bdcedfba5
generated: "2023-11-13T16:39:36.743719012+01:00"
