dependencies:
- name: postgresql-ha
  repository: https://raw.githubusercontent.com/bitnami/charts/archive-full-index/bitnami
  version: 8.5.2
- name: cassandra
  repository: https://raw.githubusercontent.com/bitnami/charts/archive-full-index/bitnami
  version: 9.1.8
- name: kafka
  repository: https://raw.githubusercontent.com/bitnami/charts/archive-full-index/bitnami
  version: 15.3.4
- name: redis
  repository: https://raw.githubusercontent.com/bitnami/charts/archive-full-index/bitnami
  version: 16.4.5
digest: sha256:500d542b0c401c8ce13a6520183ec8735184e1f7db2c37b31a4b160c286df13a
generated: "2023-12-07T15:27:49.860005046+01:00"
